
Microsoft Visual Studio Solution File, Format Version 12.00
# Visual Studio 2013
VisualStudioVersion = 12.0.21005.1
MinimumVisualStudioVersion = 10.0.40219.1
Project("{FAE04EC0-301F-11D3-BF4B-00C04F79EFBC}") = "wcf_chat", "wcf_chat\wcf_chat.csproj", "{96324655-237B-4B6B-A3C3-9F0A3F96F4CB}"
EndProject
Project("{FAE04EC0-301F-11D3-BF4B-00C04F79EFBC}") = "ChatHost", "ChatHost\ChatHost.csproj", "{DED66212-2081-46AA-AB1A-8864D8396787}"
EndProject
Project("{FAE04EC0-301F-11D3-BF4B-00C04F79EFBC}") = "ChatClient", "ChatClient\ChatClient.csproj", "{1E19346B-58F4-40A8-9EF4-FBF2B8831183}"
EndProject
Global
	GlobalSection(SolutionConfigurationPlatforms) = preSolution
		Debug|Any CPU = Debug|Any CPU
		Release|Any CPU = Release|Any CPU
	EndGlobalSection
	GlobalSection(ProjectConfigurationPlatforms) = postSolution
		{96324655-237B-4B6B-A3C3-9F0A3F96F4CB}.Debug|Any CPU.ActiveCfg = Debug|Any CPU
		{96324655-237B-4B6B-A3C3-9F0A3F96F4CB}.Debug|Any CPU.Build.0 = Debug|Any CPU
		{96324655-237B-4B6B-A3C3-9F0A3F96F4CB}.Release|Any CPU.ActiveCfg = Release|Any CPU
		{96324655-237B-4B6B-A3C3-9F0A3F96F4CB}.Release|Any CPU.Build.0 = Release|Any CPU
		{DED66212-2081-46AA-AB1A-8864D8396787}.Debug|Any CPU.ActiveCfg = Debug|Any CPU
		{DED66212-2081-46AA-AB1A-8864D8396787}.Debug|Any CPU.Build.0 = Debug|Any CPU
		{DED66212-2081-46AA-AB1A-8864D8396787}.Release|Any CPU.ActiveCfg = Release|Any CPU
		{DED66212-2081-46AA-AB1A-8864D8396787}.Release|Any CPU.Build.0 = Release|Any CPU
		{1E19346B-58F4-40A8-9EF4-FBF2B8831183}.Debug|Any CPU.ActiveCfg = Debug|Any CPU
		{1E19346B-58F4-40A8-9EF4-FBF2B8831183}.Debug|Any CPU.Build.0 = Debug|Any CPU
		{1E19346B-58F4-40A8-9EF4-FBF2B8831183}.Release|Any CPU.ActiveCfg = Release|Any CPU
		{1E19346B-58F4-40A8-9EF4-FBF2B8831183}.Release|Any CPU.Build.0 = Release|Any CPU
	EndGlobalSection
	GlobalSection(SolutionProperties) = preSolution
		HideSolutionNode = FALSE
	EndGlobalSection
EndGlobal
